
Microsoft Visual Studio Solution File, Format Version 12.00
# Visual Studio Version 16
VisualStudioVersion = 16.0.30320.27
MinimumVisualStudioVersion = 10.0.40219.1
Project("{FAE04EC0-301F-11D3-BF4B-00C04F79EFBC}") = "lab6.0", "lab6.0\lab6.0.csproj", "{AE72D9CE-603F-4BE2-862B-35F01817E788}"
EndProject
Global
	GlobalSection(SolutionConfigurationPlatforms) = preSolution
		Debug|Any CPU = Debug|Any CPU
		Release|Any CPU = Release|Any CPU
	EndGlobalSection
	GlobalSection(ProjectConfigurationPlatforms) = postSolution
		{AE72D9CE-603F-4BE2-862B-35F01817E788}.Debug|Any CPU.ActiveCfg = Debug|Any CPU
		{AE72D9CE-603F-4BE2-862B-35F01817E788}.Debug|Any CPU.Build.0 = Debug|Any CPU
		{AE72D9CE-603F-4BE2-862B-35F01817E788}.Release|Any CPU.ActiveCfg = Release|Any CPU
		{AE72D9CE-603F-4BE2-862B-35F01817E788}.Release|Any CPU.Build.0 = Release|Any CPU
	EndGlobalSection
	GlobalSection(SolutionProperties) = preSolution
		HideSolutionNode = FALSE
	EndGlobalSection
	GlobalSection(ExtensibilityGlobals) = postSolution
		SolutionGuid = {81849E37-0C33-4293-9850-85215759EEDB}
	EndGlobalSection
EndGlobal
